// !$*UTF8*$!
{
	archiveVersion = 1;
	classes = {
	};
	objectVersion = 51;
	objects = {

/* Begin PBXBuildFile section */
		0FCD318F24E992E700F75188 /* AppDelegate.swift in Sources */ = {isa = PBXBuildFile; fileRef = 0FCD318E24E992E700F75188 /* AppDelegate.swift */; };
		0FCD319124E992E700F75188 /* SceneDelegate.swift in Sources */ = {isa = PBXBuildFile; fileRef = 0FCD319024E992E700F75188 /* SceneDelegate.swift */; };
		0FCD319324E992E700F75188 /* MainViewController.swift in Sources */ = {isa = PBXBuildFile; fileRef = 0FCD319224E992E700F75188 /* MainViewController.swift */; };
		0FCD319624E992E700F75188 /* Main.storyboard in Resources */ = {isa = PBXBuildFile; fileRef = 0FCD319424E992E700F75188 /* Main.storyboard */; };
		0FCD319824E992EA00F75188 /* Assets.xcassets in Resources */ = {isa = PBXBuildFile; fileRef = 0FCD319724E992EA00F75188 /* Assets.xcassets */; };
		0FCD319B24E992EA00F75188 /* LaunchScreen.storyboard in Resources */ = {isa = PBXBuildFile; fileRef = 0FCD319924E992EA00F75188 /* LaunchScreen.storyboard */; };
		3C16D21456D6BFF4AAAF522A /* Pods_YoutuberApp.framework in Frameworks */ = {isa = PBXBuildFile; fileRef = E3776BB52E165D8D7CBE1D49 /* Pods_YoutuberApp.framework */; };
/* End PBXBuildFile section */

/* Begin PBXFileReference section */
		0F44B0E724004A4205B2C1B7 /* Pods-YoutuberApp.debug.xcconfig */ = {isa = PBXFileReference; includeInIndex = 1; lastKnownFileType = text.xcconfig; name = "Pods-YoutuberApp.debug.xcconfig"; path = "Target Support Files/Pods-YoutuberApp/Pods-YoutuberApp.debug.xcconfig"; sourceTree = "<group>"; };
		0FCD318B24E992E700F75188 /* YoutuberApp.app */ = {isa = PBXFileReference; explicitFileType = wrapper.application; includeInIndex = 0; path = YoutuberApp.app; sourceTree = BUILT_PRODUCTS_DIR; };
		0FCD318E24E992E700F75188 /* AppDelegate.swift */ = {isa = PBXFileReference; lastKnownFileType = sourcecode.swift; path = AppDelegate.swift; sourceTree = "<group>"; };
		0FCD319024E992E700F75188 /* SceneDelegate.swift */ = {isa = PBXFileReference; lastKnownFileType = sourcecode.swift; path = SceneDelegate.swift; sourceTree = "<group>"; };
		0FCD319224E992E700F75188 /* MainViewController.swift */ = {isa = PBXFileReference; lastKnownFileType = sourcecode.swift; path = MainViewController.swift; sourceTree = "<group>"; };
		0FCD319524E992E700F75188 /* Base */ = {isa = PBXFileReference; lastKnownFileType = file.storyboard; name = Base; path = Base.lproj/Main.storyboard; sourceTree = "<group>"; };
		0FCD319724E992EA00F75188 /* Assets.xcassets */ = {isa = PBXFileReference; lastKnownFileType = folder.assetcatalog; path = Assets.xcassets; sourceTree = "<group>"; };
		0FCD319A24E992EA00F75188 /* Base */ = {isa = PBXFileReference; lastKnownFileType = file.storyboard; name = Base; path = Base.lproj/LaunchScreen.storyboard; sourceTree = "<group>"; };
		0FCD319C24E992EA00F75188 /* Info.plist */ = {isa = PBXFileReference; lastKnownFileType = text.plist.xml; path = Info.plist; sourceTree = "<group>"; };
		CA9B392416361D20C778CCED /* Pods-YoutuberApp.release.xcconfig */ = {isa = PBXFileReference; includeInIndex = 1; lastKnownFileType = text.xcconfig; name = "Pods-YoutuberApp.release.xcconfig"; path = "Target Support Files/Pods-YoutuberApp/Pods-YoutuberApp.release.xcconfig"; sourceTree = "<group>"; };
		E3776BB52E165D8D7CBE1D49 /* Pods_YoutuberApp.framework */ = {isa = PBXFileReference; explicitFileType = wrapper.framework; includeInIndex = 0; path = Pods_YoutuberApp.framework; sourceTree = BUILT_PRODUCTS_DIR; };
/* End PBXFileReference section */

/* Begin PBXFrameworksBuildPhase section */
		0FCD318824E992E700F75188 /* Frameworks */ = {
			isa = PBXFrameworksBuildPhase;
			buildActionMask = 2147483647;
			files = (
				3C16D21456D6BFF4AAAF522A /* Pods_YoutuberApp.framework in Frameworks */,
			);
			runOnlyForDeploymentPostprocessing = 0;
		};
/* End PBXFrameworksBuildPhase section */

/* Begin PBXGroup section */
		0F0DE54624E999E5000CF75A /* Scenes */ = {
			isa = PBXGroup;
			children = (
				0FCD319424E992E700F75188 /* Main.storyboard */,
				0FCD319924E992EA00F75188 /* LaunchScreen.storyboard */,
			);
			path = Scenes;
			sourceTree = "<group>";
		};
		0F0DE54724E999FC000CF75A /* Models */ = {
			isa = PBXGroup;
			children = (
				0FCD319224E992E700F75188 /* MainViewController.swift */,
			);
			path = Models;
			sourceTree = "<group>";
		};
		0FCD318224E992E700F75188 = {
			isa = PBXGroup;
			children = (
				0FCD318D24E992E700F75188 /* YoutuberApp */,
				0FCD318C24E992E700F75188 /* Products */,
				6D5EFA1A86414583F17EEA31 /* Pods */,
				F0D1C4ABF5C132544415D76B /* Frameworks */,
			);
			sourceTree = "<group>";
		};
		0FCD318C24E992E700F75188 /* Products */ = {
			isa = PBXGroup;
			children = (
				0FCD318B24E992E700F75188 /* YoutuberApp.app */,
			);
			name = Products;
			sourceTree = "<group>";
		};
		0FCD318D24E992E700F75188 /* YoutuberApp */ = {
			isa = PBXGroup;
			children = (
				0F0DE54724E999FC000CF75A /* Models */,
				0F0DE54624E999E5000CF75A /* Scenes */,
				0FCD318E24E992E700F75188 /* AppDelegate.swift */,
				0FCD319024E992E700F75188 /* SceneDelegate.swift */,
				0FCD319724E992EA00F75188 /* Assets.xcassets */,
				0FCD319C24E992EA00F75188 /* Info.plist */,
			);
			path = YoutuberApp;
			sourceTree = "<group>";
		};
		6D5EFA1A86414583F17EEA31 /* Pods */ = {
			isa = PBXGroup;
			children = (
				0F44B0E724004A4205B2C1B7 /* Pods-YoutuberApp.debug.xcconfig */,
				CA9B392416361D20C778CCED /* Pods-YoutuberApp.release.xcconfig */,
			);
			path = Pods;
			sourceTree = "<group>";
		};
		F0D1C4ABF5C132544415D76B /* Frameworks */ = {
			isa = PBXGroup;
			children = (
				E3776BB52E165D8D7CBE1D49 /* Pods_YoutuberApp.framework */,
			);
			name = Frameworks;
			sourceTree = "<group>";
		};
/* End PBXGroup section */

/* Begin PBXNativeTarget section */
		0FCD318A24E992E700F75188 /* YoutuberApp */ = {
			isa = PBXNativeTarget;
			buildConfigurationList = 0FCD319F24E992EA00F75188 /* Build configuration list for PBXNativeTarget "YoutuberApp" */;
			buildPhases = (
				B757F8EAE3CEAF978CE4F882 /* [CP] Check Pods Manifest.lock */,
				0FCD318724E992E700F75188 /* Sources */,
				0FCD318824E992E700F75188 /* Frameworks */,
				0FCD318924E992E700F75188 /* Resources */,
				883317C450E8FC2474055F59 /* [CP] Embed Pods Frameworks */,
			);
			buildRules = (
			);
			dependencies = (
			);
			name = YoutuberApp;
			productName = YoutuberApp;
			productReference = 0FCD318B24E992E700F75188 /* YoutuberApp.app */;
			productType = "com.apple.product-type.application";
		};
/* End PBXNativeTarget section */

/* Begin PBXProject section */
		0FCD318324E992E700F75188 /* Project object */ = {
			isa = PBXProject;
			attributes = {
				LastSwiftUpdateCheck = 1150;
				LastUpgradeCheck = 1150;
				ORGANIZATIONNAME = "Filip Handzel";
				TargetAttributes = {
					0FCD318A24E992E700F75188 = {
						CreatedOnToolsVersion = 11.5;
					};
				};
			};
			buildConfigurationList = 0FCD318624E992E700F75188 /* Build configuration list for PBXProject "YoutuberApp" */;
			compatibilityVersion = "Xcode 9.3";
			developmentRegion = en;
			hasScannedForEncodings = 0;
			knownRegions = (
				en,
				Base,
			);
			mainGroup = 0FCD318224E992E700F75188;
			productRefGroup = 0FCD318C24E992E700F75188 /* Products */;
			projectDirPath = "";
			projectRoot = "";
			targets = (
				0FCD318A24E992E700F75188 /* YoutuberApp */,
			);
		};
/* End PBXProject section */

/* Begin PBXResourcesBuildPhase section */
		0FCD318924E992E700F75188 /* Resources */ = {
			isa = PBXResourcesBuildPhase;
			buildActionMask = 2147483647;
			files = (
				0FCD319B24E992EA00F75188 /* LaunchScreen.storyboard in Resources */,
				0FCD319824E992EA00F75188 /* Assets.xcassets in Resources */,
				0FCD319624E992E700F75188 /* Main.storyboard in Resources */,
			);
			runOnlyForDeploymentPostprocessing = 0;
		};
/* End PBXResourcesBuildPhase section */

/* Begin PBXShellScriptBuildPhase section */
		883317C450E8FC2474055F59 /* [CP] Embed Pods Frameworks */ = {
			isa = PBXShellScriptBuildPhase;
			buildActionMask = 2147483647;
			files = (
			);
			inputFileListPaths = (
				"${PODS_ROOT}/Target Support Files/Pods-YoutuberApp/Pods-YoutuberApp-frameworks-${CONFIGURATION}-input-files.xcfilelist",
			);
			name = "[CP] Embed Pods Frameworks";
			outputFileListPaths = (
				"${PODS_ROOT}/Target Support Files/Pods-YoutuberApp/Pods-YoutuberApp-frameworks-${CONFIGURATION}-output-files.xcfilelist",
			);
			runOnlyForDeploymentPostprocessing = 0;
			shellPath = /bin/sh;
			shellScript = "\"${PODS_ROOT}/Target Support Files/Pods-YoutuberApp/Pods-YoutuberApp-frameworks.sh\"\n";
			showEnvVarsInLog = 0;
		};
		B757F8EAE3CEAF978CE4F882 /* [CP] Check Pods Manifest.lock */ = {
			isa = PBXShellScriptBuildPhase;
			buildActionMask = 2147483647;
			files = (
			);
			inputFileListPaths = (
			);
			inputPaths = (
				"${PODS_PODFILE_DIR_PATH}/Podfile.lock",
				"${PODS_ROOT}/Manifest.lock",
			);
			name = "[CP] Check Pods Manifest.lock";
			outputFileListPaths = (
			);
			outputPaths = (
				"$(DERIVED_FILE_DIR)/Pods-YoutuberApp-checkManifestLockResult.txt",
			);
			runOnlyForDeploymentPostprocessing = 0;
			shellPath = /bin/sh;
			shellScript = "diff \"${PODS_PODFILE_DIR_PATH}/Podfile.lock\" \"${PODS_ROOT}/Manifest.lock\" > /dev/null\nif [ $? != 0 ] ; then\n    # print error to STDERR\n    echo \"error: The sandbox is not in sync with the Podfile.lock. Run 'pod install' or update your CocoaPods installation.\" >&2\n    exit 1\nfi\n# This output is used by Xcode 'outputs' to avoid re-running this script phase.\necho \"SUCCESS\" > \"${SCRIPT_OUTPUT_FILE_0}\"\n";
			showEnvVarsInLog = 0;
		};
/* End PBXShellScriptBuildPhase section */

/* Begin PBXSourcesBuildPhase section */
		0FCD318724E992E700F75188 /* Sources */ = {
			isa = PBXSourcesBuildPhase;
			buildActionMask = 2147483647;
			files = (
				0FCD319324E992E700F75188 /* MainViewController.swift in Sources */,
				0FCD318F24E992E700F75188 /* AppDelegate.swift in Sources */,
				0FCD319124E992E700F75188 /* SceneDelegate.swift in Sources */,
			);
			runOnlyForDeploymentPostprocessing = 0;
		};
/* End PBXSourcesBuildPhase section */

/* Begin PBXVariantGroup section */
		0FCD319424E992E700F75188 /* Main.storyboard */ = {
			isa = PBXVariantGroup;
			children = (
				0FCD319524E992E700F75188 /* Base */,
			);
			name = Main.storyboard;
			sourceTree = "<group>";
		};
		0FCD319924E992EA00F75188 /* LaunchScreen.storyboard */ = {
			isa = PBXVariantGroup;
			children = (
				0FCD319A24E992EA00F75188 /* Base */,
			);
			name = LaunchScreen.storyboard;
			sourceTree = "<group>";
		};
/* End PBXVariantGroup section */

/* Begin XCBuildConfiguration section */
		0FCD319D24E992EA00F75188 /* Debug */ = {
			isa = XCBuildConfiguration;
			buildSettings = {
				ALWAYS_SEARCH_USER_PATHS = NO;
				CLANG_ANALYZER_NONNULL = YES;
				CLANG_ANALYZER_NUMBER_OBJECT_CONVERSION = YES_AGGRESSIVE;
				CLANG_CXX_LANGUAGE_STANDARD = "gnu++14";
				CLANG_CXX_LIBRARY = "libc++";
				CLANG_ENABLE_MODULES = YES;
				CLANG_ENABLE_OBJC_ARC = YES;
				CLANG_ENABLE_OBJC_WEAK = YES;
				CLANG_WARN_BLOCK_CAPTURE_AUTORELEASING = YES;
				CLANG_WARN_BOOL_CONVERSION = YES;
				CLANG_WARN_COMMA = YES;
				CLANG_WARN_CONSTANT_CONVERSION = YES;
				CLANG_WARN_DEPRECATED_OBJC_IMPLEMENTATIONS = YES;
				CLANG_WARN_DIRECT_OBJC_ISA_USAGE = YES_ERROR;
				CLANG_WARN_DOCUMENTATION_COMMENTS = YES;
				CLANG_WARN_EMPTY_BODY = YES;
				CLANG_WARN_ENUM_CONVERSION = YES;
				CLANG_WARN_INFINITE_RECURSION = YES;
				CLANG_WARN_INT_CONVERSION = YES;
				CLANG_WARN_NON_LITERAL_NULL_CONVERSION = YES;
				CLANG_WARN_OBJC_IMPLICIT_RETAIN_SELF = YES;
				CLANG_WARN_OBJC_LITERAL_CONVERSION = YES;
				CLANG_WARN_OBJC_ROOT_CLASS = YES_ERROR;
				CLANG_WARN_RANGE_LOOP_ANALYSIS = YES;
				CLANG_WARN_STRICT_PROTOTYPES = YES;
				CLANG_WARN_SUSPICIOUS_MOVE = YES;
				CLANG_WARN_UNGUARDED_AVAILABILITY = YES_AGGRESSIVE;
				CLANG_WARN_UNREACHABLE_CODE = YES;
				CLANG_WARN__DUPLICATE_METHOD_MATCH = YES;
				COPY_PHASE_STRIP = NO;
				DEBUG_INFORMATION_FORMAT = dwarf;
				ENABLE_STRICT_OBJC_MSGSEND = YES;
				ENABLE_TESTABILITY = YES;
				GCC_C_LANGUAGE_STANDARD = gnu11;
				GCC_DYNAMIC_NO_PIC = NO;
				GCC_NO_COMMON_BLOCKS = YES;
				GCC_OPTIMIZATION_LEVEL = 0;
				GCC_PREPROCESSOR_DEFINITIONS = (
					"DEBUG=1",
					"$(inherited)",
				);
				GCC_WARN_64_TO_32_BIT_CONVERSION = YES;
				GCC_WARN_ABOUT_RETURN_TYPE = YES_ERROR;
				GCC_WARN_UNDECLARED_SELECTOR = YES;
				GCC_WARN_UNINITIALIZED_AUTOS = YES_AGGRESSIVE;
				GCC_WARN_UNUSED_FUNCTION = YES;
				GCC_WARN_UNUSED_VARIABLE = YES;
				IPHONEOS_DEPLOYMENT_TARGET = 13.5;
				MTL_ENABLE_DEBUG_INFO = INCLUDE_SOURCE;
				MTL_FAST_MATH = YES;
				ONLY_ACTIVE_ARCH = YES;
				SDKROOT = iphoneos;
				SWIFT_ACTIVE_COMPILATION_CONDITIONS = DEBUG;
				SWIFT_OPTIMIZATION_LEVEL = "-Onone";
			};
			name = Debug;
		};
		0FCD319E24E992EA00F75188 /* Release */ = {
			isa = XCBuildConfiguration;
			buildSettings = {
				ALWAYS_SEARCH_USER_PATHS = NO;
				CLANG_ANALYZER_NONNULL = YES;
				CLANG_ANALYZER_NUMBER_OBJECT_CONVERSION = YES_AGGRESSIVE;
				CLANG_CXX_LANGUAGE_STANDARD = "gnu++14";
				CLANG_CXX_LIBRARY = "libc++";
				CLANG_ENABLE_MODULES = YES;
				CLANG_ENABLE_OBJC_ARC = YES;
				CLANG_ENABLE_OBJC_WEAK = YES;
				CLANG_WARN_BLOCK_CAPTURE_AUTORELEASING = YES;
				CLANG_WARN_BOOL_CONVERSION = YES;
				CLANG_WARN_COMMA = YES;
				CLANG_WARN_CONSTANT_CONVERSION = YES;
				CLANG_WARN_DEPRECATED_OBJC_IMPLEMENTATIONS = YES;
				CLANG_WARN_DIRECT_OBJC_ISA_USAGE = YES_ERROR;
				CLANG_WARN_DOCUMENTATION_COMMENTS = YES;
				CLANG_WARN_EMPTY_BODY = YES;
				CLANG_WARN_ENUM_CONVERSION = YES;
				CLANG_WARN_INFINITE_RECURSION = YES;
				CLANG_WARN_INT_CONVERSION = YES;
				CLANG_WARN_NON_LITERAL_NULL_CONVERSION = YES;
				CLANG_WARN_OBJC_IMPLICIT_RETAIN_SELF = YES;
				CLANG_WARN_OBJC_LITERAL_CONVERSION = YES;
				CLANG_WARN_OBJC_ROOT_CLASS = YES_ERROR;
				CLANG_WARN_RANGE_LOOP_ANALYSIS = YES;
				CLANG_WARN_STRICT_PROTOTYPES = YES;
				CLANG_WARN_SUSPICIOUS_MOVE = YES;
				CLANG_WARN_UNGUARDED_AVAILABILITY = YES_AGGRESSIVE;
				CLANG_WARN_UNREACHABLE_CODE = YES;
				CLANG_WARN__DUPLICATE_METHOD_MATCH = YES;
				COPY_PHASE_STRIP = NO;
				DEBUG_INFORMATION_FORMAT = "dwarf-with-dsym";
				ENABLE_NS_ASSERTIONS = NO;
				ENABLE_STRICT_OBJC_MSGSEND = YES;
				GCC_C_LANGUAGE_STANDARD = gnu11;
				GCC_NO_COMMON_BLOCKS = YES;
				GCC_WARN_64_TO_32_BIT_CONVERSION = YES;
				GCC_WARN_ABOUT_RETURN_TYPE = YES_ERROR;
				GCC_WARN_UNDECLARED_SELECTOR = YES;
				GCC_WARN_UNINITIALIZED_AUTOS = YES_AGGRESSIVE;
				GCC_WARN_UNUSED_FUNCTION = YES;
				GCC_WARN_UNUSED_VARIABLE = YES;
				IPHONEOS_DEPLOYMENT_TARGET = 13.5;
				MTL_ENABLE_DEBUG_INFO = NO;
				MTL_FAST_MATH = YES;
				SDKROOT = iphoneos;
				SWIFT_COMPILATION_MODE = wholemodule;
				SWIFT_OPTIMIZATION_LEVEL = "-O";
				VALIDATE_PRODUCT = YES;
			};
			name = Release;
		};
		0FCD31A024E992EA00F75188 /* Debug */ = {
			isa = XCBuildConfiguration;
			baseConfigurationReference = 0F44B0E724004A4205B2C1B7 /* Pods-YoutuberApp.debug.xcconfig */;
			buildSettings = {
				ASSETCATALOG_COMPILER_APPICON_NAME = AppIcon;
				CODE_SIGN_STYLE = Automatic;
				DEVELOPMENT_TEAM = 4KW9U7BB3V;
				INFOPLIST_FILE = YoutuberApp/Info.plist;
				IPHONEOS_DEPLOYMENT_TARGET = 13.0;
				LD_RUNPATH_SEARCH_PATHS = (
					"$(inherited)",
					"@executable_path/Frameworks",
				);
				PRODUCT_BUNDLE_IDENTIFIER = handzel.YoutuberApp;
				PRODUCT_NAME = "$(TARGET_NAME)";
				SWIFT_VERSION = 5.0;
				TARGETED_DEVICE_FAMILY = "1,2";
			};
			name = Debug;
		};
		0FCD31A124E992EA00F75188 /* Release */ = {
			isa = XCBuildConfiguration;
			baseConfigurationReference = CA9B392416361D20C778CCED /* Pods-YoutuberApp.release.xcconfig */;
			buildSettings = {
				ASSETCATALOG_COMPILER_APPICON_NAME = AppIcon;
				CODE_SIGN_STYLE = Automatic;
				DEVELOPMENT_TEAM = 4KW9U7BB3V;
				INFOPLIST_FILE = YoutuberApp/Info.plist;
				IPHONEOS_DEPLOYMENT_TARGET = 13.0;
				LD_RUNPATH_SEARCH_PATHS = (
					"$(inherited)",
					"@executable_path/Frameworks",
				);
				PRODUCT_BUNDLE_IDENTIFIER = handzel.YoutuberApp;
				PRODUCT_NAME = "$(TARGET_NAME)";
				SWIFT_VERSION = 5.0;
				TARGETED_DEVICE_FAMILY = "1,2";
			};
			name = Release;
		};
/* End XCBuildConfiguration section */

/* Begin XCConfigurationList section */
		0FCD318624E992E700F75188 /* Build configuration list for PBXProject "YoutuberApp" */ = {
			isa = XCConfigurationList;
			buildConfigurations = (
				0FCD319D24E992EA00F75188 /* Debug */,
				0FCD319E24E992EA00F75188 /* Release */,
			);
			defaultConfigurationIsVisible = 0;
			defaultConfigurationName = Release;
		};
		0FCD319F24E992EA00F75188 /* Build configuration list for PBXNativeTarget "YoutuberApp" */ = {
			isa = XCConfigurationList;
			buildConfigurations = (
				0FCD31A024E992EA00F75188 /* Debug */,
				0FCD31A124E992EA00F75188 /* Release */,
			);
			defaultConfigurationIsVisible = 0;
			defaultConfigurationName = Release;
		};
/* End XCConfigurationList section */
	};
	rootObject = 0FCD318324E992E700F75188 /* Project object */;
}
