PODS:
  - YoutubePlayer-in-WKWebView (0.3.4)

DEPENDENCIES:
  - YoutubePlayer-in-WKWebView (~> 0.3.4)

SPEC REPOS:
  trunk:
    - YoutubePlayer-in-WKWebView

SPEC CHECKSUMS:
  YoutubePlayer-in-WKWebView: af2f5929fc78882d94bfdfeea999b661b78d9717

PODFILE CHECKSUM: 741d79e4274469acef40e14d4f8cf4d3ee7156a6

COCOAPODS: 1.9.2
